<?xml version="1.0" encoding="utf-8"?>
<Project ToolsVersion="4.0" xmlns="http://schemas.microsoft.com/developer/msbuild/2003">
  <ItemGroup>
    <Filter Include="Header Files">
      <UniqueIdentifier>{93995380-89BD-4b04-88EB-625FBE52EBFB}</UniqueIdentifier>
      <Extensions>h;hh;hpp;hxx;hm;inl;inc;ipp;xsd</Extensions>
    </Filter>
    <Filter Include="structures">
      <UniqueIdentifier>{eac1aa13-6410-4b17-9f57-5ef299080d06}</UniqueIdentifier>
    </Filter>
    <Filter Include="structures\vector">
      <UniqueIdentifier>{e2a6f78e-9ea2-4e60-986d-c7638a2339ae}</UniqueIdentifier>
    </Filter>
    <Filter Include="structures\list">
      <UniqueIdentifier>{9124d1d7-8faf-4f05-aeb2-7007f04d2adb}</UniqueIdentifier>
    </Filter>
    <Filter Include="structures\array">
      <UniqueIdentifier>{d26be8cb-51c8-40f7-9365-785f321554b2}</UniqueIdentifier>
    </Filter>
    <Filter Include="Source Files">
      <UniqueIdentifier>{fa78d25e-c7a5-465c-a589-3a8821ee044b}</UniqueIdentifier>
    </Filter>
  </ItemGroup>
  <ItemGroup>
    <ClCompile Include="..\structures\structure.cpp">
      <Filter>structures</Filter>
    </ClCompile>
    <ClCompile Include="..\structures\ds_routines.cpp">
      <Filter>structures</Filter>
    </ClCompile>
    <ClCompile Include="..\structures\vector\vector.cpp">
      <Filter>structures\vector</Filter>
    </ClCompile>
    <ClCompile Include="main.cpp">
      <Filter>Source Files</Filter>
    </ClCompile>
  </ItemGroup>
  <ItemGroup>
    <ClInclude Include="..\structures\heap_monitor.h">
      <Filter>structures</Filter>
    </ClInclude>
    <ClInclude Include="..\structures\structure.h">
      <Filter>structures</Filter>
    </ClInclude>
    <ClInclude Include="..\structures\structure_iterator.h">
      <Filter>structures</Filter>
    </ClInclude>
    <ClInclude Include="..\structures\ds_routines.h">
      <Filter>structures</Filter>
    </ClInclude>
    <ClInclude Include="..\structures\ds_structure_types.h">
      <Filter>structures</Filter>
    </ClInclude>
    <ClInclude Include="..\structures\vector\vector.h">
      <Filter>structures\vector</Filter>
    </ClInclude>
    <ClInclude Include="..\structures\array\array.h">
      <Filter>structures\array</Filter>
    </ClInclude>
    <ClInclude Include="..\structures\list\list.h">
      <Filter>structures\list</Filter>
    </ClInclude>
    <ClInclude Include="..\structures\list\array_list.h">
      <Filter>structures\list</Filter>
    </ClInclude>
    <ClInclude Include="..\structures\list\linked_list.h">
      <Filter>structures\list</Filter>
    </ClInclude>
    <ClInclude Include="const.h">
      <Filter>Header Files</Filter>
    </ClInclude>
  </ItemGroup>
</Project>